
Microsoft Visual Studio Solution File, Format Version 12.00
# Visual Studio Version 16
VisualStudioVersion = 16.0.33927.289
MinimumVisualStudioVersion = 10.0.40219.1
Project("{2150E333-8FDC-42A3-9474-1A3956D46DE8}") = "Project", "Project", "{1030BA51-4B05-4167-9D05-38281C941222}"
EndProject
Project("{FAE04EC0-301F-11D3-BF4B-00C04F79EFBC}") = "Tyuiu.MajdQadhi.Sprint7.Project.V12", "Tyuiu.MajdQadhi.Sprint7.Project.V12\Tyuiu.MajdQadhi.Sprint7.Project.V12.csproj", "{5047BD47-716F-4A93-9CA2-6BCD75EBAA39}"
EndProject
Project("{FAE04EC0-301F-11D3-BF4B-00C04F79EFBC}") = "Tyuiu.MajdQadhi.Sprint7.Project.V12.Lib", "Tyuiu.MajdQadhi.Sprint7.Project.V12.Lib\Tyuiu.MajdQadhi.Sprint7.Project.V12.Lib.csproj", "{23A43E36-F18D-4E37-BFE1-14D9E2EA99BF}"
EndProject
Project("{FAE04EC0-301F-11D3-BF4B-00C04F79EFBC}") = "Tyuiu.MajdQadhi.Sprint7.Project.V12.Test", "Tyuiu.MajdQadhi.Sprint7.Project.V12.Test\Tyuiu.MajdQadhi.Sprint7.Project.V12.Test.csproj", "{41172506-1FB3-4AC6-9271-8153FD0E36CE}"
EndProject
Global
	GlobalSection(SolutionConfigurationPlatforms) = preSolution
		Debug|Any CPU = Debug|Any CPU
		Release|Any CPU = Release|Any CPU
	EndGlobalSection
	GlobalSection(ProjectConfigurationPlatforms) = postSolution
		{5047BD47-716F-4A93-9CA2-6BCD75EBAA39}.Debug|Any CPU.ActiveCfg = Debug|Any CPU
		{5047BD47-716F-4A93-9CA2-6BCD75EBAA39}.Debug|Any CPU.Build.0 = Debug|Any CPU
		{5047BD47-716F-4A93-9CA2-6BCD75EBAA39}.Release|Any CPU.ActiveCfg = Release|Any CPU
		{5047BD47-716F-4A93-9CA2-6BCD75EBAA39}.Release|Any CPU.Build.0 = Release|Any CPU
		{23A43E36-F18D-4E37-BFE1-14D9E2EA99BF}.Debug|Any CPU.ActiveCfg = Debug|Any CPU
		{23A43E36-F18D-4E37-BFE1-14D9E2EA99BF}.Debug|Any CPU.Build.0 = Debug|Any CPU
		{23A43E36-F18D-4E37-BFE1-14D9E2EA99BF}.Release|Any CPU.ActiveCfg = Release|Any CPU
		{23A43E36-F18D-4E37-BFE1-14D9E2EA99BF}.Release|Any CPU.Build.0 = Release|Any CPU
		{41172506-1FB3-4AC6-9271-8153FD0E36CE}.Debug|Any CPU.ActiveCfg = Debug|Any CPU
		{41172506-1FB3-4AC6-9271-8153FD0E36CE}.Debug|Any CPU.Build.0 = Debug|Any CPU
		{41172506-1FB3-4AC6-9271-8153FD0E36CE}.Release|Any CPU.ActiveCfg = Release|Any CPU
		{41172506-1FB3-4AC6-9271-8153FD0E36CE}.Release|Any CPU.Build.0 = Release|Any CPU
	EndGlobalSection
	GlobalSection(SolutionProperties) = preSolution
		HideSolutionNode = FALSE
	EndGlobalSection
	GlobalSection(NestedProjects) = preSolution
		{5047BD47-716F-4A93-9CA2-6BCD75EBAA39} = {1030BA51-4B05-4167-9D05-38281C941222}
		{23A43E36-F18D-4E37-BFE1-14D9E2EA99BF} = {1030BA51-4B05-4167-9D05-38281C941222}
		{41172506-1FB3-4AC6-9271-8153FD0E36CE} = {1030BA51-4B05-4167-9D05-38281C941222}
	EndGlobalSection
	GlobalSection(ExtensibilityGlobals) = postSolution
		SolutionGuid = {B04257C5-6B36-4537-97DE-117A9B5EE3D5}
	EndGlobalSection
EndGlobal
